// !$*UTF8*$!
{
	archiveVersion = 1;
	classes = {
	};
	objectVersion = 46;
	objects = {

/* Begin PBXBuildFile section */
		6F23220F15C8A9A600314009 /* MobileCoreServices.framework in Frameworks */ = {isa = PBXBuildFile; fileRef = 6F23220E15C8A9A600314009 /* MobileCoreServices.framework */; };
		6F23221115C8A9AB00314009 /* CFNetwork.framework in Frameworks */ = {isa = PBXBuildFile; fileRef = 6F23221015C8A9AB00314009 /* CFNetwork.framework */; };
		6F23221315C8A9BB00314009 /* libz.dylib in Frameworks */ = {isa = PBXBuildFile; fileRef = 6F23221215C8A9BB00314009 /* libz.dylib */; };
		6F23221515C8A9C700314009 /* SystemConfiguration.framework in Frameworks */ = {isa = PBXBuildFile; fileRef = 6F23221415C8A9C700314009 /* SystemConfiguration.framework */; };
		6F64DC6622191901003E8B29 /* Reachability.m in Sources */ = {isa = PBXBuildFile; fileRef = 6F64DC4C22191901003E8B29 /* Reachability.m */; settings = {COMPILER_FLAGS = "-fno-objc-arc"; }; };
		6F64DC6722191901003E8B29 /* MBProgressHUD.m in Sources */ = {isa = PBXBuildFile; fileRef = 6F64DC4D22191901003E8B29 /* MBProgressHUD.m */; settings = {COMPILER_FLAGS = "-fno-objc-arc"; }; };
		6F64DC6822191901003E8B29 /* index.html in Resources */ = {isa = PBXBuildFile; fileRef = 6F64DC4F22191901003E8B29 /* index.html */; };
		6F64DC6922191901003E8B29 /* back@2x.png in Resources */ = {isa = PBXBuildFile; fileRef = 6F64DC5222191901003E8B29 /* back@2x.png */; };
		6F64DC6A22191901003E8B29 /* Icon.png in Resources */ = {isa = PBXBuildFile; fileRef = 6F64DC5322191901003E8B29 /* Icon.png */; };
		6F64DC6B22191901003E8B29 /* home@2x.png in Resources */ = {isa = PBXBuildFile; fileRef = 6F64DC5422191901003E8B29 /* home@2x.png */; };
		6F64DC6C22191901003E8B29 /* top@2x.png in Resources */ = {isa = PBXBuildFile; fileRef = 6F64DC5522191901003E8B29 /* top@2x.png */; };
		6F64DC6D22191901003E8B29 /* home.png in Resources */ = {isa = PBXBuildFile; fileRef = 6F64DC5622191901003E8B29 /* home.png */; };
		6F64DC6E22191901003E8B29 /* Icon@2x.png in Resources */ = {isa = PBXBuildFile; fileRef = 6F64DC5722191901003E8B29 /* Icon@2x.png */; };
		6F64DC6F22191901003E8B29 /* top.png in Resources */ = {isa = PBXBuildFile; fileRef = 6F64DC5822191901003E8B29 /* top.png */; };
		6F64DC7022191901003E8B29 /* Default-568h@2x.png in Resources */ = {isa = PBXBuildFile; fileRef = 6F64DC5922191901003E8B29 /* Default-568h@2x.png */; };
		6F64DC7122191901003E8B29 /* back.png in Resources */ = {isa = PBXBuildFile; fileRef = 6F64DC5A22191901003E8B29 /* back.png */; };
		6F64DC7222191901003E8B29 /* MainStoryboard.storyboard in Resources */ = {isa = PBXBuildFile; fileRef = 6F64DC5B22191901003E8B29 /* MainStoryboard.storyboard */; };
		6F64DC7322191901003E8B29 /* MainViewController.m in Sources */ = {isa = PBXBuildFile; fileRef = 6F64DC5D22191901003E8B29 /* MainViewController.m */; settings = {COMPILER_FLAGS = "-fno-objc-arc"; }; };
		6F64DC7422191901003E8B29 /* main.m in Sources */ = {isa = PBXBuildFile; fileRef = 6F64DC6022191901003E8B29 /* main.m */; };
		6F64DC7522191901003E8B29 /* FakeBrowser-Info.plist in Resources */ = {isa = PBXBuildFile; fileRef = 6F64DC6122191901003E8B29 /* FakeBrowser-Info.plist */; };
		6F64DC7622191901003E8B29 /* AppDelegate.m in Sources */ = {isa = PBXBuildFile; fileRef = 6F64DC6222191901003E8B29 /* AppDelegate.m */; settings = {COMPILER_FLAGS = "-fno-objc-arc"; }; };
		6F64DC7722191901003E8B29 /* iphone.css in Resources */ = {isa = PBXBuildFile; fileRef = 6F64DC6322191901003E8B29 /* iphone.css */; };
		6F64DC7822191901003E8B29 /* fake.txt in Resources */ = {isa = PBXBuildFile; fileRef = 6F64DC6522191901003E8B29 /* fake.txt */; };
		6F829BF915C0901400385C66 /* UIKit.framework in Frameworks */ = {isa = PBXBuildFile; fileRef = 6F829BF815C0901400385C66 /* UIKit.framework */; settings = {ATTRIBUTES = (Weak, ); }; };
		6F829BFB15C0901400385C66 /* Foundation.framework in Frameworks */ = {isa = PBXBuildFile; fileRef = 6F829BFA15C0901400385C66 /* Foundation.framework */; };
		6F829BFD15C0901400385C66 /* CoreGraphics.framework in Frameworks */ = {isa = PBXBuildFile; fileRef = 6F829BFC15C0901400385C66 /* CoreGraphics.framework */; };
		6F8624AF16B820FB0016859C /* wild.wav in Resources */ = {isa = PBXBuildFile; fileRef = 6F8624AE16B820FB0016859C /* wild.wav */; };
		6F8624B316B8228E0016859C /* AVFoundation.framework in Frameworks */ = {isa = PBXBuildFile; fileRef = 6F8624B216B8228E0016859C /* AVFoundation.framework */; };
		6FAFE42216245CE50009D422 /* Social.framework in Frameworks */ = {isa = PBXBuildFile; fileRef = 6FAFE42116245CE50009D422 /* Social.framework */; settings = {ATTRIBUTES = (Weak, ); }; };
		6FB56D152218CFC500F453CC /* StoreKit.framework in Frameworks */ = {isa = PBXBuildFile; fileRef = 6FB56D142218CFC500F453CC /* StoreKit.framework */; };
		6FD2B24A15D290CF006BBF80 /* AudioToolbox.framework in Frameworks */ = {isa = PBXBuildFile; fileRef = 6FD2B24915D290CF006BBF80 /* AudioToolbox.framework */; };
		6FD2B24C15D290DF006BBF80 /* libz.1.2.5.dylib in Frameworks */ = {isa = PBXBuildFile; fileRef = 6FD2B24B15D290DF006BBF80 /* libz.1.2.5.dylib */; };
		6FD2B24E15D290EB006BBF80 /* QuartzCore.framework in Frameworks */ = {isa = PBXBuildFile; fileRef = 6FD2B24D15D290EB006BBF80 /* QuartzCore.framework */; };
		6FD2B25015D290F0006BBF80 /* Security.framework in Frameworks */ = {isa = PBXBuildFile; fileRef = 6FD2B24F15D290F0006BBF80 /* Security.framework */; };
		6FD2B2B515D29D87006BBF80 /* CoreLocation.framework in Frameworks */ = {isa = PBXBuildFile; fileRef = 6FD2B2B415D29D87006BBF80 /* CoreLocation.framework */; };
		6FE443291625A4FF00FA0A2A /* Twitter.framework in Frameworks */ = {isa = PBXBuildFile; fileRef = 6FE443281625A4FF00FA0A2A /* Twitter.framework */; settings = {ATTRIBUTES = (Weak, ); }; };
		6FE4432C1625A9C000FA0A2A /* MessageUI.framework in Frameworks */ = {isa = PBXBuildFile; fileRef = 6FE4432B1625A9C000FA0A2A /* MessageUI.framework */; settings = {ATTRIBUTES = (Weak, ); }; };
		6FE443E71626868200FA0A2A /* CoreTelephony.framework in Frameworks */ = {isa = PBXBuildFile; fileRef = 6FE443E61626868200FA0A2A /* CoreTelephony.framework */; settings = {ATTRIBUTES = (Weak, ); }; };
		6FE443E91626869900FA0A2A /* libsqlite3.dylib in Frameworks */ = {isa = PBXBuildFile; fileRef = 6FE443E81626869900FA0A2A /* libsqlite3.dylib */; };
/* End PBXBuildFile section */

/* Begin PBXFileReference section */
		6F23220E15C8A9A600314009 /* MobileCoreServices.framework */ = {isa = PBXFileReference; lastKnownFileType = wrapper.framework; name = MobileCoreServices.framework; path = System/Library/Frameworks/MobileCoreServices.framework; sourceTree = SDKROOT; };
		6F23221015C8A9AB00314009 /* CFNetwork.framework */ = {isa = PBXFileReference; lastKnownFileType = wrapper.framework; name = CFNetwork.framework; path = System/Library/Frameworks/CFNetwork.framework; sourceTree = SDKROOT; };
		6F23221215C8A9BB00314009 /* libz.dylib */ = {isa = PBXFileReference; lastKnownFileType = "compiled.mach-o.dylib"; name = libz.dylib; path = usr/lib/libz.dylib; sourceTree = SDKROOT; };
		6F23221415C8A9C700314009 /* SystemConfiguration.framework */ = {isa = PBXFileReference; lastKnownFileType = wrapper.framework; name = SystemConfiguration.framework; path = System/Library/Frameworks/SystemConfiguration.framework; sourceTree = SDKROOT; };
		6F64DC4922191316003E8B29 /* LICENSE */ = {isa = PBXFileReference; lastKnownFileType = text; path = LICENSE; sourceTree = "<group>"; };
		6F64DC4A22191316003E8B29 /* README.md */ = {isa = PBXFileReference; lastKnownFileType = net.daringfireball.markdown; path = README.md; sourceTree = "<group>"; };
		6F64DC4C22191901003E8B29 /* Reachability.m */ = {isa = PBXFileReference; fileEncoding = 4; lastKnownFileType = sourcecode.c.objc; path = Reachability.m; sourceTree = "<group>"; };
		6F64DC4D22191901003E8B29 /* MBProgressHUD.m */ = {isa = PBXFileReference; fileEncoding = 4; lastKnownFileType = sourcecode.c.objc; path = MBProgressHUD.m; sourceTree = "<group>"; };
		6F64DC4E22191901003E8B29 /* AppDelegate.h */ = {isa = PBXFileReference; fileEncoding = 4; lastKnownFileType = sourcecode.c.h; path = AppDelegate.h; sourceTree = "<group>"; };
		6F64DC4F22191901003E8B29 /* index.html */ = {isa = PBXFileReference; fileEncoding = 4; lastKnownFileType = text.html; path = index.html; sourceTree = "<group>"; };
		6F64DC5022191901003E8B29 /* FakeBrowser-Prefix.pch */ = {isa = PBXFileReference; fileEncoding = 4; lastKnownFileType = sourcecode.c.h; path = "FakeBrowser-Prefix.pch"; sourceTree = "<group>"; };
		6F64DC5222191901003E8B29 /* back@2x.png */ = {isa = PBXFileReference; lastKnownFileType = image.png; path = "back@2x.png"; sourceTree = "<group>"; };
		6F64DC5322191901003E8B29 /* Icon.png */ = {isa = PBXFileReference; lastKnownFileType = image.png; path = Icon.png; sourceTree = "<group>"; };
		6F64DC5422191901003E8B29 /* home@2x.png */ = {isa = PBXFileReference; lastKnownFileType = image.png; path = "home@2x.png"; sourceTree = "<group>"; };
		6F64DC5522191901003E8B29 /* top@2x.png */ = {isa = PBXFileReference; lastKnownFileType = image.png; path = "top@2x.png"; sourceTree = "<group>"; };
		6F64DC5622191901003E8B29 /* home.png */ = {isa = PBXFileReference; lastKnownFileType = image.png; path = home.png; sourceTree = "<group>"; };
		6F64DC5722191901003E8B29 /* Icon@2x.png */ = {isa = PBXFileReference; lastKnownFileType = image.png; path = "Icon@2x.png"; sourceTree = "<group>"; };
		6F64DC5822191901003E8B29 /* top.png */ = {isa = PBXFileReference; lastKnownFileType = image.png; path = top.png; sourceTree = "<group>"; };
		6F64DC5922191901003E8B29 /* Default-568h@2x.png */ = {isa = PBXFileReference; lastKnownFileType = image.png; path = "Default-568h@2x.png"; sourceTree = "<group>"; };
		6F64DC5A22191901003E8B29 /* back.png */ = {isa = PBXFileReference; lastKnownFileType = image.png; path = back.png; sourceTree = "<group>"; };
		6F64DC5C22191901003E8B29 /* Base */ = {isa = PBXFileReference; lastKnownFileType = file.storyboard; name = Base; path = Base.lproj/MainStoryboard.storyboard; sourceTree = "<group>"; };
		6F64DC5D22191901003E8B29 /* MainViewController.m */ = {isa = PBXFileReference; fileEncoding = 4; lastKnownFileType = sourcecode.c.objc; path = MainViewController.m; sourceTree = "<group>"; };
		6F64DC5E22191901003E8B29 /* MBProgressHUD.h */ = {isa = PBXFileReference; fileEncoding = 4; lastKnownFileType = sourcecode.c.h; path = MBProgressHUD.h; sourceTree = "<group>"; };
		6F64DC5F22191901003E8B29 /* Reachability.h */ = {isa = PBXFileReference; fileEncoding = 4; lastKnownFileType = sourcecode.c.h; path = Reachability.h; sourceTree = "<group>"; };
		6F64DC6022191901003E8B29 /* main.m */ = {isa = PBXFileReference; fileEncoding = 4; lastKnownFileType = sourcecode.c.objc; path = main.m; sourceTree = "<group>"; };
		6F64DC6122191901003E8B29 /* FakeBrowser-Info.plist */ = {isa = PBXFileReference; fileEncoding = 4; lastKnownFileType = text.plist.xml; path = "FakeBrowser-Info.plist"; sourceTree = "<group>"; };
		6F64DC6222191901003E8B29 /* AppDelegate.m */ = {isa = PBXFileReference; fileEncoding = 4; lastKnownFileType = sourcecode.c.objc; path = AppDelegate.m; sourceTree = "<group>"; };
		6F64DC6322191901003E8B29 /* iphone.css */ = {isa = PBXFileReference; fileEncoding = 4; lastKnownFileType = text.css; path = iphone.css; sourceTree = "<group>"; };
		6F64DC6422191901003E8B29 /* MainViewController.h */ = {isa = PBXFileReference; fileEncoding = 4; lastKnownFileType = sourcecode.c.h; path = MainViewController.h; sourceTree = "<group>"; };
		6F64DC6522191901003E8B29 /* fake.txt */ = {isa = PBXFileReference; fileEncoding = 4; lastKnownFileType = text; path = fake.txt; sourceTree = "<group>"; };
		6F829BF415C0901400385C66 /* FakeBrowser.app */ = {isa = PBXFileReference; explicitFileType = wrapper.application; includeInIndex = 0; path = FakeBrowser.app; sourceTree = BUILT_PRODUCTS_DIR; };
		6F829BF815C0901400385C66 /* UIKit.framework */ = {isa = PBXFileReference; lastKnownFileType = wrapper.framework; name = UIKit.framework; path = System/Library/Frameworks/UIKit.framework; sourceTree = SDKROOT; };
		6F829BFA15C0901400385C66 /* Foundation.framework */ = {isa = PBXFileReference; lastKnownFileType = wrapper.framework; name = Foundation.framework; path = System/Library/Frameworks/Foundation.framework; sourceTree = SDKROOT; };
		6F829BFC15C0901400385C66 /* CoreGraphics.framework */ = {isa = PBXFileReference; lastKnownFileType = wrapper.framework; name = CoreGraphics.framework; path = System/Library/Frameworks/CoreGraphics.framework; sourceTree = SDKROOT; };
		6F8624AE16B820FB0016859C /* wild.wav */ = {isa = PBXFileReference; lastKnownFileType = audio.wav; path = wild.wav; sourceTree = "<group>"; };
		6F8624B216B8228E0016859C /* AVFoundation.framework */ = {isa = PBXFileReference; lastKnownFileType = wrapper.framework; name = AVFoundation.framework; path = System/Library/Frameworks/AVFoundation.framework; sourceTree = SDKROOT; };
		6FAFE42116245CE50009D422 /* Social.framework */ = {isa = PBXFileReference; lastKnownFileType = wrapper.framework; name = Social.framework; path = System/Library/Frameworks/Social.framework; sourceTree = SDKROOT; };
		6FB56D142218CFC500F453CC /* StoreKit.framework */ = {isa = PBXFileReference; lastKnownFileType = wrapper.framework; name = StoreKit.framework; path = System/Library/Frameworks/StoreKit.framework; sourceTree = SDKROOT; };
		6FD2B24915D290CF006BBF80 /* AudioToolbox.framework */ = {isa = PBXFileReference; lastKnownFileType = wrapper.framework; name = AudioToolbox.framework; path = System/Library/Frameworks/AudioToolbox.framework; sourceTree = SDKROOT; };
		6FD2B24B15D290DF006BBF80 /* libz.1.2.5.dylib */ = {isa = PBXFileReference; lastKnownFileType = "compiled.mach-o.dylib"; name = libz.1.2.5.dylib; path = usr/lib/libz.1.2.5.dylib; sourceTree = SDKROOT; };
		6FD2B24D15D290EB006BBF80 /* QuartzCore.framework */ = {isa = PBXFileReference; lastKnownFileType = wrapper.framework; name = QuartzCore.framework; path = System/Library/Frameworks/QuartzCore.framework; sourceTree = SDKROOT; };
		6FD2B24F15D290F0006BBF80 /* Security.framework */ = {isa = PBXFileReference; lastKnownFileType = wrapper.framework; name = Security.framework; path = System/Library/Frameworks/Security.framework; sourceTree = SDKROOT; };
		6FD2B2B415D29D87006BBF80 /* CoreLocation.framework */ = {isa = PBXFileReference; lastKnownFileType = wrapper.framework; name = CoreLocation.framework; path = System/Library/Frameworks/CoreLocation.framework; sourceTree = SDKROOT; };
		6FE443281625A4FF00FA0A2A /* Twitter.framework */ = {isa = PBXFileReference; lastKnownFileType = wrapper.framework; name = Twitter.framework; path = System/Library/Frameworks/Twitter.framework; sourceTree = SDKROOT; };
		6FE4432B1625A9C000FA0A2A /* MessageUI.framework */ = {isa = PBXFileReference; lastKnownFileType = wrapper.framework; name = MessageUI.framework; path = System/Library/Frameworks/MessageUI.framework; sourceTree = SDKROOT; };
		6FE443E61626868200FA0A2A /* CoreTelephony.framework */ = {isa = PBXFileReference; lastKnownFileType = wrapper.framework; name = CoreTelephony.framework; path = System/Library/Frameworks/CoreTelephony.framework; sourceTree = SDKROOT; };
		6FE443E81626869900FA0A2A /* libsqlite3.dylib */ = {isa = PBXFileReference; lastKnownFileType = "compiled.mach-o.dylib"; name = libsqlite3.dylib; path = usr/lib/libsqlite3.dylib; sourceTree = SDKROOT; };
/* End PBXFileReference section */

/* Begin PBXFrameworksBuildPhase section */
		6F829BF115C0901400385C66 /* Frameworks */ = {
			isa = PBXFrameworksBuildPhase;
			buildActionMask = 2147483647;
			files = (
				6FB56D152218CFC500F453CC /* StoreKit.framework in Frameworks */,
				6F8624B316B8228E0016859C /* AVFoundation.framework in Frameworks */,
				6FE443E91626869900FA0A2A /* libsqlite3.dylib in Frameworks */,
				6FE443E71626868200FA0A2A /* CoreTelephony.framework in Frameworks */,
				6FE4432C1625A9C000FA0A2A /* MessageUI.framework in Frameworks */,
				6FE443291625A4FF00FA0A2A /* Twitter.framework in Frameworks */,
				6FAFE42216245CE50009D422 /* Social.framework in Frameworks */,
				6FD2B2B515D29D87006BBF80 /* CoreLocation.framework in Frameworks */,
				6FD2B25015D290F0006BBF80 /* Security.framework in Frameworks */,
				6FD2B24E15D290EB006BBF80 /* QuartzCore.framework in Frameworks */,
				6FD2B24C15D290DF006BBF80 /* libz.1.2.5.dylib in Frameworks */,
				6F23221115C8A9AB00314009 /* CFNetwork.framework in Frameworks */,
				6FD2B24A15D290CF006BBF80 /* AudioToolbox.framework in Frameworks */,
				6F23221515C8A9C700314009 /* SystemConfiguration.framework in Frameworks */,
				6F23221315C8A9BB00314009 /* libz.dylib in Frameworks */,
				6F23220F15C8A9A600314009 /* MobileCoreServices.framework in Frameworks */,
				6F829BF915C0901400385C66 /* UIKit.framework in Frameworks */,
				6F829BFB15C0901400385C66 /* Foundation.framework in Frameworks */,
				6F829BFD15C0901400385C66 /* CoreGraphics.framework in Frameworks */,
			);
			runOnlyForDeploymentPostprocessing = 0;
		};
/* End PBXFrameworksBuildPhase section */

/* Begin PBXGroup section */
		6F64DC4B22191901003E8B29 /* FakeBrowser */ = {
			isa = PBXGroup;
			children = (
				6F64DC4E22191901003E8B29 /* AppDelegate.h */,
				6F64DC6222191901003E8B29 /* AppDelegate.m */,
				6F64DC6122191901003E8B29 /* FakeBrowser-Info.plist */,
				6F64DC5022191901003E8B29 /* FakeBrowser-Prefix.pch */,
				6F64DC5122191901003E8B29 /* images */,
				6F64DC4F22191901003E8B29 /* index.html */,
				6F64DC6322191901003E8B29 /* iphone.css */,
				6F64DC6022191901003E8B29 /* main.m */,
				6F64DC5B22191901003E8B29 /* MainStoryboard.storyboard */,
				6F64DC6422191901003E8B29 /* MainViewController.h */,
				6F64DC5D22191901003E8B29 /* MainViewController.m */,
				6F64DC5E22191901003E8B29 /* MBProgressHUD.h */,
				6F64DC4D22191901003E8B29 /* MBProgressHUD.m */,
				6F64DC5F22191901003E8B29 /* Reachability.h */,
				6F64DC4C22191901003E8B29 /* Reachability.m */,
				6F64DC6522191901003E8B29 /* fake.txt */,
			);
			path = FakeBrowser;
			sourceTree = "<group>";
		};
		6F64DC5122191901003E8B29 /* images */ = {
			isa = PBXGroup;
			children = (
				6F64DC5222191901003E8B29 /* back@2x.png */,
				6F64DC5322191901003E8B29 /* Icon.png */,
				6F64DC5422191901003E8B29 /* home@2x.png */,
				6F64DC5522191901003E8B29 /* top@2x.png */,
				6F64DC5622191901003E8B29 /* home.png */,
				6F64DC5722191901003E8B29 /* Icon@2x.png */,
				6F64DC5822191901003E8B29 /* top.png */,
				6F64DC5922191901003E8B29 /* Default-568h@2x.png */,
				6F64DC5A22191901003E8B29 /* back.png */,
			);
			path = images;
			sourceTree = "<group>";
		};
		6F829BE915C0901400385C66 = {
			isa = PBXGroup;
			children = (
				6F64DC4A22191316003E8B29 /* README.md */,
				6F64DC4922191316003E8B29 /* LICENSE */,
				6F64DC4B22191901003E8B29 /* FakeBrowser */,
				6F8624AE16B820FB0016859C /* wild.wav */,
				6F829BF715C0901400385C66 /* Frameworks */,
				6F829BF515C0901400385C66 /* Products */,
			);
			sourceTree = "<group>";
		};
		6F829BF515C0901400385C66 /* Products */ = {
			isa = PBXGroup;
			children = (
				6F829BF415C0901400385C66 /* FakeBrowser.app */,
			);
			name = Products;
			sourceTree = "<group>";
		};
		6F829BF715C0901400385C66 /* Frameworks */ = {
			isa = PBXGroup;
			children = (
				6FB56D142218CFC500F453CC /* StoreKit.framework */,
				6F8624B216B8228E0016859C /* AVFoundation.framework */,
				6FE443E81626869900FA0A2A /* libsqlite3.dylib */,
				6FE443E61626868200FA0A2A /* CoreTelephony.framework */,
				6FE4432B1625A9C000FA0A2A /* MessageUI.framework */,
				6FE443281625A4FF00FA0A2A /* Twitter.framework */,
				6FAFE42116245CE50009D422 /* Social.framework */,
				6FD2B24915D290CF006BBF80 /* AudioToolbox.framework */,
				6F23221015C8A9AB00314009 /* CFNetwork.framework */,
				6F829BFC15C0901400385C66 /* CoreGraphics.framework */,
				6FD2B2B415D29D87006BBF80 /* CoreLocation.framework */,
				6F829BFA15C0901400385C66 /* Foundation.framework */,
				6FD2B24B15D290DF006BBF80 /* libz.1.2.5.dylib */,
				6F23221215C8A9BB00314009 /* libz.dylib */,
				6F23220E15C8A9A600314009 /* MobileCoreServices.framework */,
				6FD2B24D15D290EB006BBF80 /* QuartzCore.framework */,
				6FD2B24F15D290F0006BBF80 /* Security.framework */,
				6F23221415C8A9C700314009 /* SystemConfiguration.framework */,
				6F829BF815C0901400385C66 /* UIKit.framework */,
			);
			name = Frameworks;
			sourceTree = "<group>";
		};
/* End PBXGroup section */

/* Begin PBXNativeTarget section */
		6F829BF315C0901400385C66 /* FakeBrowser */ = {
			isa = PBXNativeTarget;
			buildConfigurationList = 6F829C1515C0901400385C66 /* Build configuration list for PBXNativeTarget "FakeBrowser" */;
			buildPhases = (
				6F829BF015C0901400385C66 /* Sources */,
				6F829BF115C0901400385C66 /* Frameworks */,
				6F829BF215C0901400385C66 /* Resources */,
			);
			buildRules = (
			);
			dependencies = (
			);
			name = FakeBrowser;
			productName = SugiBrowser;
			productReference = 6F829BF415C0901400385C66 /* FakeBrowser.app */;
			productType = "com.apple.product-type.application";
		};
/* End PBXNativeTarget section */

/* Begin PBXProject section */
		6F829BEB15C0901400385C66 /* Project object */ = {
			isa = PBXProject;
			attributes = {
				LastUpgradeCheck = 1010;
				TargetAttributes = {
					6F829BF315C0901400385C66 = {
						DevelopmentTeam = HR77YM88BM;
					};
				};
			};
			buildConfigurationList = 6F829BEE15C0901400385C66 /* Build configuration list for PBXProject "FakeBrowser" */;
			compatibilityVersion = "Xcode 3.2";
			developmentRegion = English;
			hasScannedForEncodings = 0;
			knownRegions = (
				en,
				ja,
				Base,
			);
			mainGroup = 6F829BE915C0901400385C66;
			productRefGroup = 6F829BF515C0901400385C66 /* Products */;
			projectDirPath = "";
			projectRoot = "";
			targets = (
				6F829BF315C0901400385C66 /* FakeBrowser */,
			);
		};
/* End PBXProject section */

/* Begin PBXResourcesBuildPhase section */
		6F829BF215C0901400385C66 /* Resources */ = {
			isa = PBXResourcesBuildPhase;
			buildActionMask = 2147483647;
			files = (
				6F64DC6C22191901003E8B29 /* top@2x.png in Resources */,
				6F64DC6E22191901003E8B29 /* Icon@2x.png in Resources */,
				6F64DC7522191901003E8B29 /* FakeBrowser-Info.plist in Resources */,
				6F64DC6B22191901003E8B29 /* home@2x.png in Resources */,
				6F64DC7822191901003E8B29 /* fake.txt in Resources */,
				6F64DC7022191901003E8B29 /* Default-568h@2x.png in Resources */,
				6F64DC6D22191901003E8B29 /* home.png in Resources */,
				6F64DC6A22191901003E8B29 /* Icon.png in Resources */,
				6F64DC7222191901003E8B29 /* MainStoryboard.storyboard in Resources */,
				6F64DC7722191901003E8B29 /* iphone.css in Resources */,
				6F8624AF16B820FB0016859C /* wild.wav in Resources */,
				6F64DC7122191901003E8B29 /* back.png in Resources */,
				6F64DC6F22191901003E8B29 /* top.png in Resources */,
				6F64DC6822191901003E8B29 /* index.html in Resources */,
				6F64DC6922191901003E8B29 /* back@2x.png in Resources */,
			);
			runOnlyForDeploymentPostprocessing = 0;
		};
/* End PBXResourcesBuildPhase section */

/* Begin PBXSourcesBuildPhase section */
		6F829BF015C0901400385C66 /* Sources */ = {
			isa = PBXSourcesBuildPhase;
			buildActionMask = 2147483647;
			files = (
				6F64DC6622191901003E8B29 /* Reachability.m in Sources */,
				6F64DC7322191901003E8B29 /* MainViewController.m in Sources */,
				6F64DC7422191901003E8B29 /* main.m in Sources */,
				6F64DC6722191901003E8B29 /* MBProgressHUD.m in Sources */,
				6F64DC7622191901003E8B29 /* AppDelegate.m in Sources */,
			);
			runOnlyForDeploymentPostprocessing = 0;
		};
/* End PBXSourcesBuildPhase section */

/* Begin PBXVariantGroup section */
		6F64DC5B22191901003E8B29 /* MainStoryboard.storyboard */ = {
			isa = PBXVariantGroup;
			children = (
				6F64DC5C22191901003E8B29 /* Base */,
			);
			name = MainStoryboard.storyboard;
			sourceTree = "<group>";
		};
/* End PBXVariantGroup section */

/* Begin XCBuildConfiguration section */
		6F829C1315C0901400385C66 /* Debug */ = {
			isa = XCBuildConfiguration;
			buildSettings = {
				ALWAYS_SEARCH_USER_PATHS = NO;
				CLANG_ANALYZER_LOCALIZABILITY_NONLOCALIZED = YES;
				CLANG_ENABLE_OBJC_ARC = YES;
				CLANG_WARN_BLOCK_CAPTURE_AUTORELEASING = YES;
				CLANG_WARN_BOOL_CONVERSION = YES;
				CLANG_WARN_COMMA = YES;
				CLANG_WARN_CONSTANT_CONVERSION = YES;
				CLANG_WARN_DEPRECATED_OBJC_IMPLEMENTATIONS = YES;
				CLANG_WARN_EMPTY_BODY = YES;
				CLANG_WARN_ENUM_CONVERSION = YES;
				CLANG_WARN_INFINITE_RECURSION = YES;
				CLANG_WARN_INT_CONVERSION = YES;
				CLANG_WARN_NON_LITERAL_NULL_CONVERSION = YES;
				CLANG_WARN_OBJC_IMPLICIT_RETAIN_SELF = YES;
				CLANG_WARN_OBJC_LITERAL_CONVERSION = YES;
				CLANG_WARN_RANGE_LOOP_ANALYSIS = YES;
				CLANG_WARN_STRICT_PROTOTYPES = YES;
				CLANG_WARN_SUSPICIOUS_MOVE = YES;
				CLANG_WARN_UNREACHABLE_CODE = YES;
				CLANG_WARN__DUPLICATE_METHOD_MATCH = YES;
				"CODE_SIGN_IDENTITY[sdk=iphoneos*]" = "iPhone Developer";
				COPY_PHASE_STRIP = NO;
				ENABLE_STRICT_OBJC_MSGSEND = YES;
				ENABLE_TESTABILITY = YES;
				GCC_C_LANGUAGE_STANDARD = gnu99;
				GCC_DYNAMIC_NO_PIC = NO;
				GCC_NO_COMMON_BLOCKS = YES;
				GCC_OPTIMIZATION_LEVEL = 0;
				GCC_PREPROCESSOR_DEFINITIONS = (
					"DEBUG=1",
					"$(inherited)",
				);
				GCC_SYMBOLS_PRIVATE_EXTERN = NO;
				GCC_VERSION = com.apple.compilers.llvm.clang.1_0;
				GCC_WARN_64_TO_32_BIT_CONVERSION = YES;
				GCC_WARN_ABOUT_RETURN_TYPE = YES;
				GCC_WARN_UNDECLARED_SELECTOR = YES;
				GCC_WARN_UNINITIALIZED_AUTOS = YES;
				GCC_WARN_UNUSED_FUNCTION = YES;
				GCC_WARN_UNUSED_VARIABLE = YES;
				IPHONEOS_DEPLOYMENT_TARGET = 8.0;
				ONLY_ACTIVE_ARCH = YES;
				SDKROOT = iphoneos;
			};
			name = Debug;
		};
		6F829C1415C0901400385C66 /* Release */ = {
			isa = XCBuildConfiguration;
			buildSettings = {
				ALWAYS_SEARCH_USER_PATHS = NO;
				CLANG_ANALYZER_LOCALIZABILITY_NONLOCALIZED = YES;
				CLANG_ENABLE_OBJC_ARC = YES;
				CLANG_WARN_BLOCK_CAPTURE_AUTORELEASING = YES;
				CLANG_WARN_BOOL_CONVERSION = YES;
				CLANG_WARN_COMMA = YES;
				CLANG_WARN_CONSTANT_CONVERSION = YES;
				CLANG_WARN_DEPRECATED_OBJC_IMPLEMENTATIONS = YES;
				CLANG_WARN_EMPTY_BODY = YES;
				CLANG_WARN_ENUM_CONVERSION = YES;
				CLANG_WARN_INFINITE_RECURSION = YES;
				CLANG_WARN_INT_CONVERSION = YES;
				CLANG_WARN_NON_LITERAL_NULL_CONVERSION = YES;
				CLANG_WARN_OBJC_IMPLICIT_RETAIN_SELF = YES;
				CLANG_WARN_OBJC_LITERAL_CONVERSION = YES;
				CLANG_WARN_RANGE_LOOP_ANALYSIS = YES;
				CLANG_WARN_STRICT_PROTOTYPES = YES;
				CLANG_WARN_SUSPICIOUS_MOVE = YES;
				CLANG_WARN_UNREACHABLE_CODE = YES;
				CLANG_WARN__DUPLICATE_METHOD_MATCH = YES;
				"CODE_SIGN_IDENTITY[sdk=iphoneos*]" = "iPhone Developer";
				COPY_PHASE_STRIP = YES;
				ENABLE_STRICT_OBJC_MSGSEND = YES;
				GCC_C_LANGUAGE_STANDARD = gnu99;
				GCC_NO_COMMON_BLOCKS = YES;
				GCC_VERSION = com.apple.compilers.llvm.clang.1_0;
				GCC_WARN_64_TO_32_BIT_CONVERSION = YES;
				GCC_WARN_ABOUT_RETURN_TYPE = YES;
				GCC_WARN_UNDECLARED_SELECTOR = YES;
				GCC_WARN_UNINITIALIZED_AUTOS = YES;
				GCC_WARN_UNUSED_FUNCTION = YES;
				GCC_WARN_UNUSED_VARIABLE = YES;
				IPHONEOS_DEPLOYMENT_TARGET = 8.0;
				OTHER_CFLAGS = "-DNS_BLOCK_ASSERTIONS=1";
				SDKROOT = iphoneos;
				VALIDATE_PRODUCT = YES;
			};
			name = Release;
		};
		6F829C1615C0901400385C66 /* Debug */ = {
			isa = XCBuildConfiguration;
			buildSettings = {
				CODE_SIGN_IDENTITY = "";
				"CODE_SIGN_IDENTITY[sdk=iphoneos*]" = "iPhone Developer";
				DEVELOPMENT_TEAM = HR77YM88BM;
				FRAMEWORK_SEARCH_PATHS = (
					"$(inherited)",
					"\"$(SRCROOT)\"",
				);
				GCC_PRECOMPILE_PREFIX_HEADER = YES;
				GCC_PREFIX_HEADER = "FakeBrowser/FakeBrowser-Prefix.pch";
				HEADER_SEARCH_PATHS = /usr/include/libxml2;
				INFOPLIST_FILE = "FakeBrowser/FakeBrowser-Info.plist";
				IPHONEOS_DEPLOYMENT_TARGET = 8.0;
				LIBRARY_SEARCH_PATHS = "$(inherited)";
				OTHER_LDFLAGS = "-ObjC";
				PRODUCT_BUNDLE_IDENTIFIER = "me.daichi.${PRODUCT_NAME:rfc1034identifier}";
				PRODUCT_NAME = FakeBrowser;
				"PROVISIONING_PROFILE[sdk=iphoneos*]" = "";
				WRAPPER_EXTENSION = app;
			};
			name = Debug;
		};
		6F829C1715C0901400385C66 /* Release */ = {
			isa = XCBuildConfiguration;
			buildSettings = {
				CODE_SIGN_IDENTITY = "";
				"CODE_SIGN_IDENTITY[sdk=iphoneos*]" = "iPhone Distribution";
				DEVELOPMENT_TEAM = HR77YM88BM;
				FRAMEWORK_SEARCH_PATHS = (
					"$(inherited)",
					"\"$(SRCROOT)\"",
				);
				GCC_PRECOMPILE_PREFIX_HEADER = YES;
				GCC_PREFIX_HEADER = "FakeBrowser/FakeBrowser-Prefix.pch";
				HEADER_SEARCH_PATHS = /usr/include/libxml2;
				INFOPLIST_FILE = "FakeBrowser/FakeBrowser-Info.plist";
				IPHONEOS_DEPLOYMENT_TARGET = 8.0;
				LIBRARY_SEARCH_PATHS = "$(inherited)";
				OTHER_LDFLAGS = "-ObjC";
				PRODUCT_BUNDLE_IDENTIFIER = "me.daichi.${PRODUCT_NAME:rfc1034identifier}";
				PRODUCT_NAME = FakeBrowser;
				"PROVISIONING_PROFILE[sdk=iphoneos*]" = "";
				WRAPPER_EXTENSION = app;
			};
			name = Release;
		};
/* End XCBuildConfiguration section */

/* Begin XCConfigurationList section */
		6F829BEE15C0901400385C66 /* Build configuration list for PBXProject "FakeBrowser" */ = {
			isa = XCConfigurationList;
			buildConfigurations = (
				6F829C1315C0901400385C66 /* Debug */,
				6F829C1415C0901400385C66 /* Release */,
			);
			defaultConfigurationIsVisible = 0;
			defaultConfigurationName = Release;
		};
		6F829C1515C0901400385C66 /* Build configuration list for PBXNativeTarget "FakeBrowser" */ = {
			isa = XCConfigurationList;
			buildConfigurations = (
				6F829C1615C0901400385C66 /* Debug */,
				6F829C1715C0901400385C66 /* Release */,
			);
			defaultConfigurationIsVisible = 0;
			defaultConfigurationName = Release;
		};
/* End XCConfigurationList section */
	};
	rootObject = 6F829BEB15C0901400385C66 /* Project object */;
}
